
Microsoft Visual Studio Solution File, Format Version 12.00
# Visual Studio Version 17
VisualStudioVersion = 17.1.32328.378
MinimumVisualStudioVersion = 10.0.40219.1
Project("{9A19103F-16F7-4668-BE54-9A1E7A4F7556}") = "Csharp.Enumeration.Demo", "ConsoleApp10\Csharp.Enumeration.Demo.csproj", "{6A90B86A-A099-4B43-9FCB-A96013B712C3}"
EndProject
Project("{9A19103F-16F7-4668-BE54-9A1E7A4F7556}") = "CSharp.Enumeration.UnitTests", "test\SmartEnum.UnitTests\CSharp.Enumeration.UnitTests.csproj", "{55E896AF-37CC-45E3-8FBB-8D5CF81EA226}"
EndProject
Project("{FAE04EC0-301F-11D3-BF4B-00C04F79EFBC}") = "Csharp.Enumeration.EfCore", "CsharpEnumeration.EfCore\Csharp.Enumeration.EfCore.csproj", "{3250EE59-B1A0-4CEB-A64A-BB42E98C3DD4}"
EndProject
Project("{FAE04EC0-301F-11D3-BF4B-00C04F79EFBC}") = "CSharp.Enumeration", "CSharp.Enumeration\CSharp.Enumeration.csproj", "{4A6E5E64-C239-4E70-B297-183DD82DD664}"
EndProject
Global
	GlobalSection(SolutionConfigurationPlatforms) = preSolution
		Debug|Any CPU = Debug|Any CPU
		Release|Any CPU = Release|Any CPU
	EndGlobalSection
	GlobalSection(ProjectConfigurationPlatforms) = postSolution
		{6A90B86A-A099-4B43-9FCB-A96013B712C3}.Debug|Any CPU.ActiveCfg = Debug|Any CPU
		{6A90B86A-A099-4B43-9FCB-A96013B712C3}.Debug|Any CPU.Build.0 = Debug|Any CPU
		{6A90B86A-A099-4B43-9FCB-A96013B712C3}.Release|Any CPU.ActiveCfg = Release|Any CPU
		{6A90B86A-A099-4B43-9FCB-A96013B712C3}.Release|Any CPU.Build.0 = Release|Any CPU
		{55E896AF-37CC-45E3-8FBB-8D5CF81EA226}.Debug|Any CPU.ActiveCfg = Debug|Any CPU
		{55E896AF-37CC-45E3-8FBB-8D5CF81EA226}.Debug|Any CPU.Build.0 = Debug|Any CPU
		{55E896AF-37CC-45E3-8FBB-8D5CF81EA226}.Release|Any CPU.ActiveCfg = Release|Any CPU
		{55E896AF-37CC-45E3-8FBB-8D5CF81EA226}.Release|Any CPU.Build.0 = Release|Any CPU
		{3250EE59-B1A0-4CEB-A64A-BB42E98C3DD4}.Debug|Any CPU.ActiveCfg = Debug|Any CPU
		{3250EE59-B1A0-4CEB-A64A-BB42E98C3DD4}.Debug|Any CPU.Build.0 = Debug|Any CPU
		{3250EE59-B1A0-4CEB-A64A-BB42E98C3DD4}.Release|Any CPU.ActiveCfg = Release|Any CPU
		{3250EE59-B1A0-4CEB-A64A-BB42E98C3DD4}.Release|Any CPU.Build.0 = Release|Any CPU
		{4A6E5E64-C239-4E70-B297-183DD82DD664}.Debug|Any CPU.ActiveCfg = Debug|Any CPU
		{4A6E5E64-C239-4E70-B297-183DD82DD664}.Debug|Any CPU.Build.0 = Debug|Any CPU
		{4A6E5E64-C239-4E70-B297-183DD82DD664}.Release|Any CPU.ActiveCfg = Release|Any CPU
		{4A6E5E64-C239-4E70-B297-183DD82DD664}.Release|Any CPU.Build.0 = Release|Any CPU
	EndGlobalSection
	GlobalSection(SolutionProperties) = preSolution
		HideSolutionNode = FALSE
	EndGlobalSection
	GlobalSection(ExtensibilityGlobals) = postSolution
		SolutionGuid = {790ADF19-1716-4C44-B5BA-C72B7FF754DB}
	EndGlobalSection
EndGlobal
